// !$*UTF8*$!
{
	archiveVersion = 1;
	classes = {
	};
	objectVersion = 77;
	objects = {

/* Begin PBXContainerItemProxy section */
		035BA91D2E9003BD00EF8D8C /* PBXContainerItemProxy */ = {
			isa = PBXContainerItemProxy;
			containerPortal = 035BA9072E9003BD00EF8D8C /* Project object */;
			proxyType = 1;
			remoteGlobalIDString = 035BA90E2E9003BD00EF8D8C;
			remoteInfo = FITTRACK;
		};
		035BA9272E9003BD00EF8D8C /* PBXContainerItemProxy */ = {
			isa = PBXContainerItemProxy;
			containerPortal = 035BA9072E9003BD00EF8D8C /* Project object */;
			proxyType = 1;
			remoteGlobalIDString = 035BA90E2E9003BD00EF8D8C;
			remoteInfo = FITTRACK;
		};
/* End PBXContainerItemProxy section */

/* Begin PBXFileReference section */
		035BA90F2E9003BD00EF8D8C /* FITTRACK.app */ = {isa = PBXFileReference; explicitFileType = wrapper.application; includeInIndex = 0; path = FITTRACK.app; sourceTree = BUILT_PRODUCTS_DIR; };
		035BA91C2E9003BD00EF8D8C /* FITTRACKTests.xctest */ = {isa = PBXFileReference; explicitFileType = wrapper.cfbundle; includeInIndex = 0; path = FITTRACKTests.xctest; sourceTree = BUILT_PRODUCTS_DIR; };
		035BA9262E9003BD00EF8D8C /* FITTRACKUITests.xctest */ = {isa = PBXFileReference; explicitFileType = wrapper.cfbundle; includeInIndex = 0; path = FITTRACKUITests.xctest; sourceTree = BUILT_PRODUCTS_DIR; };
/* End PBXFileReference section */

/* Begin PBXFileSystemSynchronizedRootGroup section */
		035BA9112E9003BD00EF8D8C /* FITTRACK */ = {
			isa = PBXFileSystemSynchronizedRootGroup;
			path = FITTRACK;
			sourceTree = "<group>";
		};
		035BA91F2E9003BD00EF8D8C /* FITTRACKTests */ = {
			isa = PBXFileSystemSynchronizedRootGroup;
			path = FITTRACKTests;
			sourceTree = "<group>";
		};
		035BA9292E9003BD00EF8D8C /* FITTRACKUITests */ = {
			isa = PBXFileSystemSynchronizedRootGroup;
			path = FITTRACKUITests;
			sourceTree = "<group>";
		};
/* End PBXFileSystemSynchronizedRootGroup section */

/* Begin PBXFrameworksBuildPhase section */
		035BA90C2E9003BD00EF8D8C /* Frameworks */ = {
			isa = PBXFrameworksBuildPhase;
			buildActionMask = 2147483647;
			files = (
			);
			runOnlyForDeploymentPostprocessing = 0;
		};
		035BA9192E9003BD00EF8D8C /* Frameworks */ = {
			isa = PBXFrameworksBuildPhase;
			buildActionMask = 2147483647;
			files = (
			);
			runOnlyForDeploymentPostprocessing = 0;
		};
		035BA9232E9003BD00EF8D8C /* Frameworks */ = {
			isa = PBXFrameworksBuildPhase;
			buildActionMask = 2147483647;
			files = (
			);
			runOnlyForDeploymentPostprocessing = 0;
		};
/* End PBXFrameworksBuildPhase section */

/* Begin PBXGroup section */
		035BA9062E9003BD00EF8D8C = {
			isa = PBXGroup;
			children = (
				035BA9112E9003BD00EF8D8C /* FITTRACK */,
				035BA91F2E9003BD00EF8D8C /* FITTRACKTests */,
				035BA9292E9003BD00EF8D8C /* FITTRACKUITests */,
				035BA9102E9003BD00EF8D8C /* Products */,
			);
			sourceTree = "<group>";
		};
		035BA9102E9003BD00EF8D8C /* Products */ = {
			isa = PBXGroup;
			children = (
				035BA90F2E9003BD00EF8D8C /* FITTRACK.app */,
				035BA91C2E9003BD00EF8D8C /* FITTRACKTests.xctest */,
				035BA9262E9003BD00EF8D8C /* FITTRACKUITests.xctest */,
			);
			name = Products;
			sourceTree = "<group>";
		};
/* End PBXGroup section */

/* Begin PBXNativeTarget section */
		035BA90E2E9003BD00EF8D8C /* FITTRACK */ = {
			isa = PBXNativeTarget;
			buildConfigurationList = 035BA9302E9003BD00EF8D8C /* Build configuration list for PBXNativeTarget "FITTRACK" */;
			buildPhases = (
				035BA90B2E9003BD00EF8D8C /* Sources */,
				035BA90C2E9003BD00EF8D8C /* Frameworks */,
				035BA90D2E9003BD00EF8D8C /* Resources */,
			);
			buildRules = (
			);
			dependencies = (
			);
			fileSystemSynchronizedGroups = (
				035BA9112E9003BD00EF8D8C /* FITTRACK */,
			);
			name = FITTRACK;
			packageProductDependencies = (
			);
			productName = FITTRACK;
			productReference = 035BA90F2E9003BD00EF8D8C /* FITTRACK.app */;
			productType = "com.apple.product-type.application";
		};
		035BA91B2E9003BD00EF8D8C /* FITTRACKTests */ = {
			isa = PBXNativeTarget;
			buildConfigurationList = 035BA9332E9003BD00EF8D8C /* Build configuration list for PBXNativeTarget "FITTRACKTests" */;
			buildPhases = (
				035BA9182E9003BD00EF8D8C /* Sources */,
				035BA9192E9003BD00EF8D8C /* Frameworks */,
				035BA91A2E9003BD00EF8D8C /* Resources */,
			);
			buildRules = (
			);
			dependencies = (
				035BA91E2E9003BD00EF8D8C /* PBXTargetDependency */,
			);
			fileSystemSynchronizedGroups = (
				035BA91F2E9003BD00EF8D8C /* FITTRACKTests */,
			);
			name = FITTRACKTests;
			packageProductDependencies = (
			);
			productName = FITTRACKTests;
			productReference = 035BA91C2E9003BD00EF8D8C /* FITTRACKTests.xctest */;
			productType = "com.apple.product-type.bundle.unit-test";
		};
		035BA9252E9003BD00EF8D8C /* FITTRACKUITests */ = {
			isa = PBXNativeTarget;
			buildConfigurationList = 035BA9362E9003BD00EF8D8C /* Build configuration list for PBXNativeTarget "FITTRACKUITests" */;
			buildPhases = (
				035BA9222E9003BD00EF8D8C /* Sources */,
				035BA9232E9003BD00EF8D8C /* Frameworks */,
				035BA9242E9003BD00EF8D8C /* Resources */,
			);
			buildRules = (
			);
			dependencies = (
				035BA9282E9003BD00EF8D8C /* PBXTargetDependency */,
			);
			fileSystemSynchronizedGroups = (
				035BA9292E9003BD00EF8D8C /* FITTRACKUITests */,
			);
			name = FITTRACKUITests;
			packageProductDependencies = (
			);
			productName = FITTRACKUITests;
			productReference = 035BA9262E9003BD00EF8D8C /* FITTRACKUITests.xctest */;
			productType = "com.apple.product-type.bundle.ui-testing";
		};
/* End PBXNativeTarget section */

/* Begin PBXProject section */
		035BA9072E9003BD00EF8D8C /* Project object */ = {
			isa = PBXProject;
			attributes = {
				BuildIndependentTargetsInParallel = 1;
				LastSwiftUpdateCheck = 1640;
				LastUpgradeCheck = 1640;
				TargetAttributes = {
					035BA90E2E9003BD00EF8D8C = {
						CreatedOnToolsVersion = 16.4;
					};
					035BA91B2E9003BD00EF8D8C = {
						CreatedOnToolsVersion = 16.4;
						TestTargetID = 035BA90E2E9003BD00EF8D8C;
					};
					035BA9252E9003BD00EF8D8C = {
						CreatedOnToolsVersion = 16.4;
						TestTargetID = 035BA90E2E9003BD00EF8D8C;
					};
				};
			};
			buildConfigurationList = 035BA90A2E9003BD00EF8D8C /* Build configuration list for PBXProject "FITTRACK" */;
			developmentRegion = en;
			hasScannedForEncodings = 0;
			knownRegions = (
				en,
				Base,
			);
			mainGroup = 035BA9062E9003BD00EF8D8C;
			minimizedProjectReferenceProxies = 1;
			preferredProjectObjectVersion = 77;
			productRefGroup = 035BA9102E9003BD00EF8D8C /* Products */;
			projectDirPath = "";
			projectRoot = "";
			targets = (
				035BA90E2E9003BD00EF8D8C /* FITTRACK */,
				035BA91B2E9003BD00EF8D8C /* FITTRACKTests */,
				035BA9252E9003BD00EF8D8C /* FITTRACKUITests */,
			);
		};
/* End PBXProject section */

/* Begin PBXResourcesBuildPhase section */
		035BA90D2E9003BD00EF8D8C /* Resources */ = {
			isa = PBXResourcesBuildPhase;
			buildActionMask = 2147483647;
			files = (
			);
			runOnlyForDeploymentPostprocessing = 0;
		};
		035BA91A2E9003BD00EF8D8C /* Resources */ = {
			isa = PBXResourcesBuildPhase;
			buildActionMask = 2147483647;
			files = (
			);
			runOnlyForDeploymentPostprocessing = 0;
		};
		035BA9242E9003BD00EF8D8C /* Resources */ = {
			isa = PBXResourcesBuildPhase;
			buildActionMask = 2147483647;
			files = (
			);
			runOnlyForDeploymentPostprocessing = 0;
		};
/* End PBXResourcesBuildPhase section */

/* Begin PBXSourcesBuildPhase section */
		035BA90B2E9003BD00EF8D8C /* Sources */ = {
			isa = PBXSourcesBuildPhase;
			buildActionMask = 2147483647;
			files = (
			);
			runOnlyForDeploymentPostprocessing = 0;
		};
		035BA9182E9003BD00EF8D8C /* Sources */ = {
			isa = PBXSourcesBuildPhase;
			buildActionMask = 2147483647;
			files = (
			);
			runOnlyForDeploymentPostprocessing = 0;
		};
		035BA9222E9003BD00EF8D8C /* Sources */ = {
			isa = PBXSourcesBuildPhase;
			buildActionMask = 2147483647;
			files = (
			);
			runOnlyForDeploymentPostprocessing = 0;
		};
/* End PBXSourcesBuildPhase section */

/* Begin PBXTargetDependency section */
		035BA91E2E9003BD00EF8D8C /* PBXTargetDependency */ = {
			isa = PBXTargetDependency;
			target = 035BA90E2E9003BD00EF8D8C /* FITTRACK */;
			targetProxy = 035BA91D2E9003BD00EF8D8C /* PBXContainerItemProxy */;
		};
		035BA9282E9003BD00EF8D8C /* PBXTargetDependency */ = {
			isa = PBXTargetDependency;
			target = 035BA90E2E9003BD00EF8D8C /* FITTRACK */;
			targetProxy = 035BA9272E9003BD00EF8D8C /* PBXContainerItemProxy */;
		};
/* End PBXTargetDependency section */

/* Begin XCBuildConfiguration section */
		035BA92E2E9003BD00EF8D8C /* Debug */ = {
			isa = XCBuildConfiguration;
			buildSettings = {
				ALWAYS_SEARCH_USER_PATHS = NO;
				ASSETCATALOG_COMPILER_GENERATE_SWIFT_ASSET_SYMBOL_EXTENSIONS = YES;
				CLANG_ANALYZER_NONNULL = YES;
				CLANG_ANALYZER_NUMBER_OBJECT_CONVERSION = YES_AGGRESSIVE;
				CLANG_CXX_LANGUAGE_STANDARD = "gnu++20";
				CLANG_ENABLE_MODULES = YES;
				CLANG_ENABLE_OBJC_ARC = YES;
				CLANG_ENABLE_OBJC_WEAK = YES;
				CLANG_WARN_BLOCK_CAPTURE_AUTORELEASING = YES;
				CLANG_WARN_BOOL_CONVERSION = YES;
				CLANG_WARN_COMMA = YES;
				CLANG_WARN_CONSTANT_CONVERSION = YES;
				CLANG_WARN_DEPRECATED_OBJC_IMPLEMENTATIONS = YES;
				CLANG_WARN_DIRECT_OBJC_ISA_USAGE = YES_ERROR;
				CLANG_WARN_DOCUMENTATION_COMMENTS = YES;
				CLANG_WARN_EMPTY_BODY = YES;
				CLANG_WARN_ENUM_CONVERSION = YES;
				CLANG_WARN_INFINITE_RECURSION = YES;
				CLANG_WARN_INT_CONVERSION = YES;
				CLANG_WARN_NON_LITERAL_NULL_CONVERSION = YES;
				CLANG_WARN_OBJC_IMPLICIT_RETAIN_SELF = YES;
				CLANG_WARN_OBJC_LITERAL_CONVERSION = YES;
				CLANG_WARN_OBJC_ROOT_CLASS = YES_ERROR;
				CLANG_WARN_QUOTED_INCLUDE_IN_FRAMEWORK_HEADER = YES;
				CLANG_WARN_RANGE_LOOP_ANALYSIS = YES;
				CLANG_WARN_STRICT_PROTOTYPES = YES;
				CLANG_WARN_SUSPICIOUS_MOVE = YES;
				CLANG_WARN_UNGUARDED_AVAILABILITY = YES_AGGRESSIVE;
				CLANG_WARN_UNREACHABLE_CODE = YES;
				CLANG_WARN__DUPLICATE_METHOD_MATCH = YES;
				COPY_PHASE_STRIP = NO;
				DEBUG_INFORMATION_FORMAT = dwarf;
				ENABLE_STRICT_OBJC_MSGSEND = YES;
				ENABLE_TESTABILITY = YES;
				ENABLE_USER_SCRIPT_SANDBOXING = YES;
				GCC_C_LANGUAGE_STANDARD = gnu17;
				GCC_DYNAMIC_NO_PIC = NO;
				GCC_NO_COMMON_BLOCKS = YES;
				GCC_OPTIMIZATION_LEVEL = 0;
				GCC_PREPROCESSOR_DEFINITIONS = (
					"DEBUG=1",
					"$(inherited)",
				);
				GCC_WARN_64_TO_32_BIT_CONVERSION = YES;
				GCC_WARN_ABOUT_RETURN_TYPE = YES_ERROR;
				GCC_WARN_UNDECLARED_SELECTOR = YES;
				GCC_WARN_UNINITIALIZED_AUTOS = YES_AGGRESSIVE;
				GCC_WARN_UNUSED_FUNCTION = YES;
				GCC_WARN_UNUSED_VARIABLE = YES;
				IPHONEOS_DEPLOYMENT_TARGET = 18.5;
				LOCALIZATION_PREFERS_STRING_CATALOGS = YES;
				MTL_ENABLE_DEBUG_INFO = INCLUDE_SOURCE;
				MTL_FAST_MATH = YES;
				ONLY_ACTIVE_ARCH = YES;
				SDKROOT = iphoneos;
				SWIFT_ACTIVE_COMPILATION_CONDITIONS = "DEBUG $(inherited)";
				SWIFT_OPTIMIZATION_LEVEL = "-Onone";
			};
			name = Debug;
		};
		035BA92F2E9003BD00EF8D8C /* Release */ = {
			isa = XCBuildConfiguration;
			buildSettings = {
				ALWAYS_SEARCH_USER_PATHS = NO;
				ASSETCATALOG_COMPILER_GENERATE_SWIFT_ASSET_SYMBOL_EXTENSIONS = YES;
				CLANG_ANALYZER_NONNULL = YES;
				CLANG_ANALYZER_NUMBER_OBJECT_CONVERSION = YES_AGGRESSIVE;
				CLANG_CXX_LANGUAGE_STANDARD = "gnu++20";
				CLANG_ENABLE_MODULES = YES;
				CLANG_ENABLE_OBJC_ARC = YES;
				CLANG_ENABLE_OBJC_WEAK = YES;
				CLANG_WARN_BLOCK_CAPTURE_AUTORELEASING = YES;
				CLANG_WARN_BOOL_CONVERSION = YES;
				CLANG_WARN_COMMA = YES;
				CLANG_WARN_CONSTANT_CONVERSION = YES;
				CLANG_WARN_DEPRECATED_OBJC_IMPLEMENTATIONS = YES;
				CLANG_WARN_DIRECT_OBJC_ISA_USAGE = YES_ERROR;
				CLANG_WARN_DOCUMENTATION_COMMENTS = YES;
				CLANG_WARN_EMPTY_BODY = YES;
				CLANG_WARN_ENUM_CONVERSION = YES;
				CLANG_WARN_INFINITE_RECURSION = YES;
				CLANG_WARN_INT_CONVERSION = YES;
				CLANG_WARN_NON_LITERAL_NULL_CONVERSION = YES;
				CLANG_WARN_OBJC_IMPLICIT_RETAIN_SELF = YES;
				CLANG_WARN_OBJC_LITERAL_CONVERSION = YES;
				CLANG_WARN_OBJC_ROOT_CLASS = YES_ERROR;
				CLANG_WARN_QUOTED_INCLUDE_IN_FRAMEWORK_HEADER = YES;
				CLANG_WARN_RANGE_LOOP_ANALYSIS = YES;
				CLANG_WARN_STRICT_PROTOTYPES = YES;
				CLANG_WARN_SUSPICIOUS_MOVE = YES;
				CLANG_WARN_UNGUARDED_AVAILABILITY = YES_AGGRESSIVE;
				CLANG_WARN_UNREACHABLE_CODE = YES;
				CLANG_WARN__DUPLICATE_METHOD_MATCH = YES;
				COPY_PHASE_STRIP = NO;
				DEBUG_INFORMATION_FORMAT = "dwarf-with-dsym";
				ENABLE_NS_ASSERTIONS = NO;
				ENABLE_STRICT_OBJC_MSGSEND = YES;
				ENABLE_USER_SCRIPT_SANDBOXING = YES;
				GCC_C_LANGUAGE_STANDARD = gnu17;
				GCC_NO_COMMON_BLOCKS = YES;
				GCC_WARN_64_TO_32_BIT_CONVERSION = YES;
				GCC_WARN_ABOUT_RETURN_TYPE = YES_ERROR;
				GCC_WARN_UNDECLARED_SELECTOR = YES;
				GCC_WARN_UNINITIALIZED_AUTOS = YES_AGGRESSIVE;
				GCC_WARN_UNUSED_FUNCTION = YES;
				GCC_WARN_UNUSED_VARIABLE = YES;
				IPHONEOS_DEPLOYMENT_TARGET = 18.5;
				LOCALIZATION_PREFERS_STRING_CATALOGS = YES;
				MTL_ENABLE_DEBUG_INFO = NO;
				MTL_FAST_MATH = YES;
				SDKROOT = iphoneos;
				SWIFT_COMPILATION_MODE = wholemodule;
				VALIDATE_PRODUCT = YES;
			};
			name = Release;
		};
		035BA9312E9003BD00EF8D8C /* Debug */ = {
			isa = XCBuildConfiguration;
			buildSettings = {
				ASSETCATALOG_COMPILER_APPICON_NAME = AppIcon;
				ASSETCATALOG_COMPILER_GLOBAL_ACCENT_COLOR_NAME = AccentColor;
				CODE_SIGN_STYLE = Automatic;
				CURRENT_PROJECT_VERSION = 1;
				ENABLE_PREVIEWS = YES;
				GENERATE_INFOPLIST_FILE = YES;
				INFOPLIST_KEY_UIApplicationSceneManifest_Generation = YES;
				INFOPLIST_KEY_UIApplicationSupportsIndirectInputEvents = YES;
				INFOPLIST_KEY_UILaunchScreen_Generation = YES;
				INFOPLIST_KEY_UISupportedInterfaceOrientations_iPad = "UIInterfaceOrientationPortrait UIInterfaceOrientationPortraitUpsideDown UIInterfaceOrientationLandscapeLeft UIInterfaceOrientationLandscapeRight";
				INFOPLIST_KEY_UISupportedInterfaceOrientations_iPhone = "UIInterfaceOrientationPortrait UIInterfaceOrientationLandscapeLeft UIInterfaceOrientationLandscapeRight";
				LD_RUNPATH_SEARCH_PATHS = (
					"$(inherited)",
					"@executable_path/Frameworks",
				);
				MARKETING_VERSION = 1.0;
				PRODUCT_BUNDLE_IDENTIFIER = project1.FITTRACK;
				PRODUCT_NAME = "$(TARGET_NAME)";
				SWIFT_EMIT_LOC_STRINGS = YES;
				SWIFT_VERSION = 5.0;
				TARGETED_DEVICE_FAMILY = "1,2";
			};
			name = Debug;
		};
		035BA9322E9003BD00EF8D8C /* Release */ = {
			isa = XCBuildConfiguration;
			buildSettings = {
				ASSETCATALOG_COMPILER_APPICON_NAME = AppIcon;
				ASSETCATALOG_COMPILER_GLOBAL_ACCENT_COLOR_NAME = AccentColor;
				CODE_SIGN_STYLE = Automatic;
				CURRENT_PROJECT_VERSION = 1;
				ENABLE_PREVIEWS = YES;
				GENERATE_INFOPLIST_FILE = YES;
				INFOPLIST_KEY_UIApplicationSceneManifest_Generation = YES;
				INFOPLIST_KEY_UIApplicationSupportsIndirectInputEvents = YES;
				INFOPLIST_KEY_UILaunchScreen_Generation = YES;
				INFOPLIST_KEY_UISupportedInterfaceOrientations_iPad = "UIInterfaceOrientationPortrait UIInterfaceOrientationPortraitUpsideDown UIInterfaceOrientationLandscapeLeft UIInterfaceOrientationLandscapeRight";
				INFOPLIST_KEY_UISupportedInterfaceOrientations_iPhone = "UIInterfaceOrientationPortrait UIInterfaceOrientationLandscapeLeft UIInterfaceOrientationLandscapeRight";
				LD_RUNPATH_SEARCH_PATHS = (
					"$(inherited)",
					"@executable_path/Frameworks",
				);
				MARKETING_VERSION = 1.0;
				PRODUCT_BUNDLE_IDENTIFIER = project1.FITTRACK;
				PRODUCT_NAME = "$(TARGET_NAME)";
				SWIFT_EMIT_LOC_STRINGS = YES;
				SWIFT_VERSION = 5.0;
				TARGETED_DEVICE_FAMILY = "1,2";
			};
			name = Release;
		};
		035BA9342E9003BD00EF8D8C /* Debug */ = {
			isa = XCBuildConfiguration;
			buildSettings = {
				BUNDLE_LOADER = "$(TEST_HOST)";
				CODE_SIGN_STYLE = Automatic;
				CURRENT_PROJECT_VERSION = 1;
				GENERATE_INFOPLIST_FILE = YES;
				IPHONEOS_DEPLOYMENT_TARGET = 18.5;
				MARKETING_VERSION = 1.0;
				PRODUCT_BUNDLE_IDENTIFIER = project1.FITTRACKTests;
				PRODUCT_NAME = "$(TARGET_NAME)";
				SWIFT_EMIT_LOC_STRINGS = NO;
				SWIFT_VERSION = 5.0;
				TARGETED_DEVICE_FAMILY = "1,2";
				TEST_HOST = "$(BUILT_PRODUCTS_DIR)/FITTRACK.app/$(BUNDLE_EXECUTABLE_FOLDER_PATH)/FITTRACK";
			};
			name = Debug;
		};
		035BA9352E9003BD00EF8D8C /* Release */ = {
			isa = XCBuildConfiguration;
			buildSettings = {
				BUNDLE_LOADER = "$(TEST_HOST)";
				CODE_SIGN_STYLE = Automatic;
				CURRENT_PROJECT_VERSION = 1;
				GENERATE_INFOPLIST_FILE = YES;
				IPHONEOS_DEPLOYMENT_TARGET = 18.5;
				MARKETING_VERSION = 1.0;
				PRODUCT_BUNDLE_IDENTIFIER = project1.FITTRACKTests;
				PRODUCT_NAME = "$(TARGET_NAME)";
				SWIFT_EMIT_LOC_STRINGS = NO;
				SWIFT_VERSION = 5.0;
				TARGETED_DEVICE_FAMILY = "1,2";
				TEST_HOST = "$(BUILT_PRODUCTS_DIR)/FITTRACK.app/$(BUNDLE_EXECUTABLE_FOLDER_PATH)/FITTRACK";
			};
			name = Release;
		};
		035BA9372E9003BD00EF8D8C /* Debug */ = {
			isa = XCBuildConfiguration;
			buildSettings = {
				CODE_SIGN_STYLE = Automatic;
				CURRENT_PROJECT_VERSION = 1;
				GENERATE_INFOPLIST_FILE = YES;
				MARKETING_VERSION = 1.0;
				PRODUCT_BUNDLE_IDENTIFIER = project1.FITTRACKUITests;
				PRODUCT_NAME = "$(TARGET_NAME)";
				SWIFT_EMIT_LOC_STRINGS = NO;
				SWIFT_VERSION = 5.0;
				TARGETED_DEVICE_FAMILY = "1,2";
				TEST_TARGET_NAME = FITTRACK;
			};
			name = Debug;
		};
		035BA9382E9003BD00EF8D8C /* Release */ = {
			isa = XCBuildConfiguration;
			buildSettings = {
				CODE_SIGN_STYLE = Automatic;
				CURRENT_PROJECT_VERSION = 1;
				GENERATE_INFOPLIST_FILE = YES;
				MARKETING_VERSION = 1.0;
				PRODUCT_BUNDLE_IDENTIFIER = project1.FITTRACKUITests;
				PRODUCT_NAME = "$(TARGET_NAME)";
				SWIFT_EMIT_LOC_STRINGS = NO;
				SWIFT_VERSION = 5.0;
				TARGETED_DEVICE_FAMILY = "1,2";
				TEST_TARGET_NAME = FITTRACK;
			};
			name = Release;
		};
/* End XCBuildConfiguration section */

/* Begin XCConfigurationList section */
		035BA90A2E9003BD00EF8D8C /* Build configuration list for PBXProject "FITTRACK" */ = {
			isa = XCConfigurationList;
			buildConfigurations = (
				035BA92E2E9003BD00EF8D8C /* Debug */,
				035BA92F2E9003BD00EF8D8C /* Release */,
			);
			defaultConfigurationIsVisible = 0;
			defaultConfigurationName = Release;
		};
		035BA9302E9003BD00EF8D8C /* Build configuration list for PBXNativeTarget "FITTRACK" */ = {
			isa = XCConfigurationList;
			buildConfigurations = (
				035BA9312E9003BD00EF8D8C /* Debug */,
				035BA9322E9003BD00EF8D8C /* Release */,
			);
			defaultConfigurationIsVisible = 0;
			defaultConfigurationName = Release;
		};
		035BA9332E9003BD00EF8D8C /* Build configuration list for PBXNativeTarget "FITTRACKTests" */ = {
			isa = XCConfigurationList;
			buildConfigurations = (
				035BA9342E9003BD00EF8D8C /* Debug */,
				035BA9352E9003BD00EF8D8C /* Release */,
			);
			defaultConfigurationIsVisible = 0;
			defaultConfigurationName = Release;
		};
		035BA9362E9003BD00EF8D8C /* Build configuration list for PBXNativeTarget "FITTRACKUITests" */ = {
			isa = XCConfigurationList;
			buildConfigurations = (
				035BA9372E9003BD00EF8D8C /* Debug */,
				035BA9382E9003BD00EF8D8C /* Release */,
			);
			defaultConfigurationIsVisible = 0;
			defaultConfigurationName = Release;
		};
/* End XCConfigurationList section */
	};
	rootObject = 035BA9072E9003BD00EF8D8C /* Project object */;
}
